Microsoft Visual Studio Solution File, Format Version 11.00
# Visual Studio 2008

Project("{8DFC049B-8A66-2BB9-BAB8-DA31CB4373D0}") = "CR Unity Game Project", "Assembly-CSharp-firstpass-vs.csproj", "{1DAD56CF-7463-F53C-AFE3-2768205B5776}"
EndProject
Project("{8DFC049B-8A66-2BB9-BAB8-DA31CB4373D0}") = "CR Unity Game Project", "Assembly-CSharp-vs.csproj", "{0DF23FDB-900F-DF8E-0D1C-48ACCCE209F1}"
EndProject
Project("{8DFC049B-8A66-2BB9-BAB8-DA31CB4373D0}") = "CR Unity Game Project", "Assembly-CSharp-Editor-vs.csproj", "{B6148421-0148-2CF1-4F03-4C16DACD5C04}"
EndProject
Global
	GlobalSection(SolutionConfigurationPlatforms) = preSolution
		Debug|Any CPU = Debug|Any CPU
		Release|Any CPU = Release|Any CPU
	EndGlobalSection
	GlobalSection(ProjectConfigurationPlatforms) = postSolution
		{1DAD56CF-7463-F53C-AFE3-2768205B5776}.Debug|Any CPU.ActiveCfg = Debug|Any CPU
		{1DAD56CF-7463-F53C-AFE3-2768205B5776}.Debug|Any CPU.Build.0 = Debug|Any CPU
		{1DAD56CF-7463-F53C-AFE3-2768205B5776}.Release|Any CPU.ActiveCfg = Release|Any CPU
		{1DAD56CF-7463-F53C-AFE3-2768205B5776}.Release|Any CPU.Build.0 = Release|Any CPU
		{0DF23FDB-900F-DF8E-0D1C-48ACCCE209F1}.Debug|Any CPU.ActiveCfg = Debug|Any CPU
		{0DF23FDB-900F-DF8E-0D1C-48ACCCE209F1}.Debug|Any CPU.Build.0 = Debug|Any CPU
		{0DF23FDB-900F-DF8E-0D1C-48ACCCE209F1}.Release|Any CPU.ActiveCfg = Release|Any CPU
		{0DF23FDB-900F-DF8E-0D1C-48ACCCE209F1}.Release|Any CPU.Build.0 = Release|Any CPU
		{B6148421-0148-2CF1-4F03-4C16DACD5C04}.Debug|Any CPU.ActiveCfg = Debug|Any CPU
		{B6148421-0148-2CF1-4F03-4C16DACD5C04}.Debug|Any CPU.Build.0 = Debug|Any CPU
		{B6148421-0148-2CF1-4F03-4C16DACD5C04}.Release|Any CPU.ActiveCfg = Release|Any CPU
		{B6148421-0148-2CF1-4F03-4C16DACD5C04}.Release|Any CPU.Build.0 = Release|Any CPU
	EndGlobalSection
	GlobalSection(SolutionProperties) = preSolution
		HideSolutionNode = FALSE
	EndGlobalSection
																	GlobalSection(MonoDevelopProperties) = preSolution
		StartupItem = Assembly-CSharp.csproj
		Policies = $0
		$0.TextStylePolicy = $1
		$1.inheritsSet = null
		$1.scope = text/x-csharp
		$0.CSharpFormattingPolicy = $2
		$2.inheritsSet = Mono
		$2.inheritsScope = text/x-csharp
		$2.scope = text/x-csharp
		$0.TextStylePolicy = $3
		$3.FileWidth = 120
		$3.TabWidth = 4
		$3.EolMarker = Unix
		$3.inheritsSet = Mono
		$3.inheritsScope = text/plain
		$3.scope = text/plain
	EndGlobalSection

EndGlobal
